PODS:
  - FlutterMacOS (1.0.0)
  - isar_community_flutter_libs (1.0.0):
    - FlutterMacOS
  - rhttp_plus (0.0.1):
    - FlutterMacOS
  - window_manager (0.2.0):
    - FlutterMacOS

DEPENDENCIES:
  - FlutterMacOS (from `Flutter/ephemeral`)
  - isar_community_flutter_libs (from `Flutter/ephemeral/.symlinks/plugins/isar_community_flutter_libs/macos`)
  - rhttp_plus (from `Flutter/ephemeral/.symlinks/plugins/rhttp_plus/macos`)
  - window_manager (from `Flutter/ephemeral/.symlinks/plugins/window_manager/macos`)

EXTERNAL SOURCES:
  FlutterMacOS:
    :path: Flutter/ephemeral
  isar_community_flutter_libs:
    :path: Flutter/ephemeral/.symlinks/plugins/isar_community_flutter_libs/macos
  rhttp_plus:
    :path: Flutter/ephemeral/.symlinks/plugins/rhttp_plus/macos
  window_manager:
    :path: Flutter/ephemeral/.symlinks/plugins/window_manager/macos

SPEC CHECKSUMS:
  FlutterMacOS: d0db08ddef1a9af05a5ec4b724367152bb0500b1
  isar_community_flutter_libs: d3749f6775866378fc78328b10f1397a05fba673
  rhttp_plus: f9ec60a955343fd2fe33f9a9aa9607c46150df0e
  window_manager: 3a1844359a6295ab1e47659b1a777e36773cd6e8

PODFILE CHECKSUM: 7fe24fb35996f61fa37b212c9e8146761e94e5fb

COCOAPODS: 1.16.2
